// !$*UTF8*$!
{
	archiveVersion = 1;
	classes = {
	};
	objectVersion = 46;
	objects = {

/* Begin PBXBuildFile section */
		27E6C0C71FC046E20063D86E /* main.m in Sources */ = {isa = PBXBuildFile; fileRef = 27E6C0C61FC046E20063D86E /* main.m */; };
		27E6C0CA1FC046E20063D86E /* AppDelegate.m in Sources */ = {isa = PBXBuildFile; fileRef = 27E6C0C91FC046E20063D86E /* AppDelegate.m */; };
		27E6C0CD1FC046E20063D86E /* ViewController.m in Sources */ = {isa = PBXBuildFile; fileRef = 27E6C0CC1FC046E20063D86E /* ViewController.m */; };
		27E6C0D01FC046E20063D86E /* Main.storyboard in Resources */ = {isa = PBXBuildFile; fileRef = 27E6C0CE1FC046E20063D86E /* Main.storyboard */; };
		27E6C0D21FC046E20063D86E /* Assets.xcassets in Resources */ = {isa = PBXBuildFile; fileRef = 27E6C0D11FC046E20063D86E /* Assets.xcassets */; };
		27E6C0D51FC046E20063D86E /* LaunchScreen.storyboard in Resources */ = {isa = PBXBuildFile; fileRef = 27E6C0D31FC046E20063D86E /* LaunchScreen.storyboard */; };
		27E6C0DF1FC0472C0063D86E /* XFLeftSideViewController.m in Sources */ = {isa = PBXBuildFile; fileRef = 27E6C0DE1FC0472C0063D86E /* XFLeftSideViewController.m */; };
		27E6C0E31FC04BBC0063D86E /* UIView_extra.m in Sources */ = {isa = PBXBuildFile; fileRef = 27E6C0E21FC04BBC0063D86E /* UIView_extra.m */; };
		27E6C0E61FC11E3F0063D86E /* MainPageViewController.m in Sources */ = {isa = PBXBuildFile; fileRef = 27E6C0E51FC11E3F0063D86E /* MainPageViewController.m */; };
		27E6C0E91FC11E4B0063D86E /* LeftSortsViewController.m in Sources */ = {isa = PBXBuildFile; fileRef = 27E6C0E81FC11E4B0063D86E /* LeftSortsViewController.m */; };
/* End PBXBuildFile section */

/* Begin PBXFileReference section */
		27E6C0C21FC046E20063D86E /* TestForLeftSide.app */ = {isa = PBXFileReference; explicitFileType = wrapper.application; includeInIndex = 0; path = TestForLeftSide.app; sourceTree = BUILT_PRODUCTS_DIR; };
		27E6C0C61FC046E20063D86E /* main.m */ = {isa = PBXFileReference; lastKnownFileType = sourcecode.c.objc; path = main.m; sourceTree = "<group>"; };
		27E6C0C81FC046E20063D86E /* AppDelegate.h */ = {isa = PBXFileReference; lastKnownFileType = sourcecode.c.h; path = AppDelegate.h; sourceTree = "<group>"; };
		27E6C0C91FC046E20063D86E /* AppDelegate.m */ = {isa = PBXFileReference; lastKnownFileType = sourcecode.c.objc; path = AppDelegate.m; sourceTree = "<group>"; };
		27E6C0CB1FC046E20063D86E /* ViewController.h */ = {isa = PBXFileReference; lastKnownFileType = sourcecode.c.h; path = ViewController.h; sourceTree = "<group>"; };
		27E6C0CC1FC046E20063D86E /* ViewController.m */ = {isa = PBXFileReference; lastKnownFileType = sourcecode.c.objc; path = ViewController.m; sourceTree = "<group>"; };
		27E6C0CF1FC046E20063D86E /* Base */ = {isa = PBXFileReference; lastKnownFileType = file.storyboard; name = Base; path = Base.lproj/Main.storyboard; sourceTree = "<group>"; };
		27E6C0D11FC046E20063D86E /* Assets.xcassets */ = {isa = PBXFileReference; lastKnownFileType = folder.assetcatalog; path = Assets.xcassets; sourceTree = "<group>"; };
		27E6C0D41FC046E20063D86E /* Base */ = {isa = PBXFileReference; lastKnownFileType = file.storyboard; name = Base; path = Base.lproj/LaunchScreen.storyboard; sourceTree = "<group>"; };
		27E6C0D61FC046E20063D86E /* Info.plist */ = {isa = PBXFileReference; lastKnownFileType = text.plist.xml; path = Info.plist; sourceTree = "<group>"; };
		27E6C0DD1FC0472C0063D86E /* XFLeftSideViewController.h */ = {isa = PBXFileReference; fileEncoding = 4; lastKnownFileType = sourcecode.c.h; path = XFLeftSideViewController.h; sourceTree = "<group>"; };
		27E6C0DE1FC0472C0063D86E /* XFLeftSideViewController.m */ = {isa = PBXFileReference; fileEncoding = 4; lastKnownFileType = sourcecode.c.objc; path = XFLeftSideViewController.m; sourceTree = "<group>"; };
		27E6C0E01FC0476F0063D86E /* XFLeftSidePrefixHeader.pch */ = {isa = PBXFileReference; lastKnownFileType = sourcecode.c.h; path = XFLeftSidePrefixHeader.pch; sourceTree = "<group>"; };
		27E6C0E11FC04BBC0063D86E /* UIView_extra.h */ = {isa = PBXFileReference; fileEncoding = 4; lastKnownFileType = sourcecode.c.h; path = UIView_extra.h; sourceTree = "<group>"; };
		27E6C0E21FC04BBC0063D86E /* UIView_extra.m */ = {isa = PBXFileReference; fileEncoding = 4; lastKnownFileType = sourcecode.c.objc; path = UIView_extra.m; sourceTree = "<group>"; };
		27E6C0E41FC11E3F0063D86E /* MainPageViewController.h */ = {isa = PBXFileReference; fileEncoding = 4; lastKnownFileType = sourcecode.c.h; path = MainPageViewController.h; sourceTree = "<group>"; };
		27E6C0E51FC11E3F0063D86E /* MainPageViewController.m */ = {isa = PBXFileReference; fileEncoding = 4; lastKnownFileType = sourcecode.c.objc; path = MainPageViewController.m; sourceTree = "<group>"; };
		27E6C0E71FC11E4B0063D86E /* LeftSortsViewController.h */ = {isa = PBXFileReference; fileEncoding = 4; lastKnownFileType = sourcecode.c.h; path = LeftSortsViewController.h; sourceTree = "<group>"; };
		27E6C0E81FC11E4B0063D86E /* LeftSortsViewController.m */ = {isa = PBXFileReference; fileEncoding = 4; lastKnownFileType = sourcecode.c.objc; path = LeftSortsViewController.m; sourceTree = "<group>"; };
/* End PBXFileReference section */

/* Begin PBXFrameworksBuildPhase section */
		27E6C0BF1FC046E20063D86E /* Frameworks */ = {
			isa = PBXFrameworksBuildPhase;
			buildActionMask = 2147483647;
			files = (
			);
			runOnlyForDeploymentPostprocessing = 0;
		};
/* End PBXFrameworksBuildPhase section */

/* Begin PBXGroup section */
		27E6C0B91FC046E20063D86E = {
			isa = PBXGroup;
			children = (
				27E6C0C41FC046E20063D86E /* TestForLeftSide */,
				27E6C0C31FC046E20063D86E /* Products */,
			);
			sourceTree = "<group>";
		};
		27E6C0C31FC046E20063D86E /* Products */ = {
			isa = PBXGroup;
			children = (
				27E6C0C21FC046E20063D86E /* TestForLeftSide.app */,
			);
			name = Products;
			sourceTree = "<group>";
		};
		27E6C0C41FC046E20063D86E /* TestForLeftSide */ = {
			isa = PBXGroup;
			children = (
				27E6C0DC1FC047180063D86E /* XFLeftSide */,
				27E6C0C81FC046E20063D86E /* AppDelegate.h */,
				27E6C0C91FC046E20063D86E /* AppDelegate.m */,
				27E6C0CB1FC046E20063D86E /* ViewController.h */,
				27E6C0CC1FC046E20063D86E /* ViewController.m */,
				27E6C0E41FC11E3F0063D86E /* MainPageViewController.h */,
				27E6C0E51FC11E3F0063D86E /* MainPageViewController.m */,
				27E6C0E71FC11E4B0063D86E /* LeftSortsViewController.h */,
				27E6C0E81FC11E4B0063D86E /* LeftSortsViewController.m */,
				27E6C0CE1FC046E20063D86E /* Main.storyboard */,
				27E6C0D11FC046E20063D86E /* Assets.xcassets */,
				27E6C0D31FC046E20063D86E /* LaunchScreen.storyboard */,
				27E6C0D61FC046E20063D86E /* Info.plist */,
				27E6C0C51FC046E20063D86E /* Supporting Files */,
			);
			path = TestForLeftSide;
			sourceTree = "<group>";
		};
		27E6C0C51FC046E20063D86E /* Supporting Files */ = {
			isa = PBXGroup;
			children = (
				27E6C0C61FC046E20063D86E /* main.m */,
			);
			name = "Supporting Files";
			sourceTree = "<group>";
		};
		27E6C0DC1FC047180063D86E /* XFLeftSide */ = {
			isa = PBXGroup;
			children = (
				27E6C0DD1FC0472C0063D86E /* XFLeftSideViewController.h */,
				27E6C0DE1FC0472C0063D86E /* XFLeftSideViewController.m */,
				27E6C0E01FC0476F0063D86E /* XFLeftSidePrefixHeader.pch */,
				27E6C0E11FC04BBC0063D86E /* UIView_extra.h */,
				27E6C0E21FC04BBC0063D86E /* UIView_extra.m */,
			);
			path = XFLeftSide;
			sourceTree = "<group>";
		};
/* End PBXGroup section */

/* Begin PBXNativeTarget section */
		27E6C0C11FC046E20063D86E /* TestForLeftSide */ = {
			isa = PBXNativeTarget;
			buildConfigurationList = 27E6C0D91FC046E20063D86E /* Build configuration list for PBXNativeTarget "TestForLeftSide" */;
			buildPhases = (
				27E6C0BE1FC046E20063D86E /* Sources */,
				27E6C0BF1FC046E20063D86E /* Frameworks */,
				27E6C0C01FC046E20063D86E /* Resources */,
			);
			buildRules = (
			);
			dependencies = (
			);
			name = TestForLeftSide;
			productName = TestForLeftSide;
			productReference = 27E6C0C21FC046E20063D86E /* TestForLeftSide.app */;
			productType = "com.apple.product-type.application";
		};
/* End PBXNativeTarget section */

/* Begin PBXProject section */
		27E6C0BA1FC046E20063D86E /* Project object */ = {
			isa = PBXProject;
			attributes = {
				LastUpgradeCheck = 0820;
				ORGANIZATIONNAME = xiaofei;
				TargetAttributes = {
					27E6C0C11FC046E20063D86E = {
						CreatedOnToolsVersion = 8.2.1;
						ProvisioningStyle = Automatic;
					};
				};
			};
			buildConfigurationList = 27E6C0BD1FC046E20063D86E /* Build configuration list for PBXProject "TestForLeftSide" */;
			compatibilityVersion = "Xcode 3.2";
			developmentRegion = English;
			hasScannedForEncodings = 0;
			knownRegions = (
				en,
				Base,
			);
			mainGroup = 27E6C0B91FC046E20063D86E;
			productRefGroup = 27E6C0C31FC046E20063D86E /* Products */;
			projectDirPath = "";
			projectRoot = "";
			targets = (
				27E6C0C11FC046E20063D86E /* TestForLeftSide */,
			);
		};
/* End PBXProject section */

/* Begin PBXResourcesBuildPhase section */
		27E6C0C01FC046E20063D86E /* Resources */ = {
			isa = PBXResourcesBuildPhase;
			buildActionMask = 2147483647;
			files = (
				27E6C0D51FC046E20063D86E /* LaunchScreen.storyboard in Resources */,
				27E6C0D21FC046E20063D86E /* Assets.xcassets in Resources */,
				27E6C0D01FC046E20063D86E /* Main.storyboard in Resources */,
			);
			runOnlyForDeploymentPostprocessing = 0;
		};
/* End PBXResourcesBuildPhase section */

/* Begin PBXSourcesBuildPhase section */
		27E6C0BE1FC046E20063D86E /* Sources */ = {
			isa = PBXSourcesBuildPhase;
			buildActionMask = 2147483647;
			files = (
				27E6C0E31FC04BBC0063D86E /* UIView_extra.m in Sources */,
				27E6C0CD1FC046E20063D86E /* ViewController.m in Sources */,
				27E6C0E61FC11E3F0063D86E /* MainPageViewController.m in Sources */,
				27E6C0CA1FC046E20063D86E /* AppDelegate.m in Sources */,
				27E6C0DF1FC0472C0063D86E /* XFLeftSideViewController.m in Sources */,
				27E6C0C71FC046E20063D86E /* main.m in Sources */,
				27E6C0E91FC11E4B0063D86E /* LeftSortsViewController.m in Sources */,
			);
			runOnlyForDeploymentPostprocessing = 0;
		};
/* End PBXSourcesBuildPhase section */

/* Begin PBXVariantGroup section */
		27E6C0CE1FC046E20063D86E /* Main.storyboard */ = {
			isa = PBXVariantGroup;
			children = (
				27E6C0CF1FC046E20063D86E /* Base */,
			);
			name = Main.storyboard;
			sourceTree = "<group>";
		};
		27E6C0D31FC046E20063D86E /* LaunchScreen.storyboard */ = {
			isa = PBXVariantGroup;
			children = (
				27E6C0D41FC046E20063D86E /* Base */,
			);
			name = LaunchScreen.storyboard;
			sourceTree = "<group>";
		};
/* End PBXVariantGroup section */

/* Begin XCBuildConfiguration section */
		27E6C0D71FC046E20063D86E /* Debug */ = {
			isa = XCBuildConfiguration;
			buildSettings = {
				ALWAYS_SEARCH_USER_PATHS = NO;
				CLANG_ANALYZER_NONNULL = YES;
				CLANG_CXX_LANGUAGE_STANDARD = "gnu++0x";
				CLANG_CXX_LIBRARY = "libc++";
				CLANG_ENABLE_MODULES = YES;
				CLANG_ENABLE_OBJC_ARC = YES;
				CLANG_WARN_BOOL_CONVERSION = YES;
				CLANG_WARN_CONSTANT_CONVERSION = YES;
				CLANG_WARN_DIRECT_OBJC_ISA_USAGE = YES_ERROR;
				CLANG_WARN_DOCUMENTATION_COMMENTS = YES;
				CLANG_WARN_EMPTY_BODY = YES;
				CLANG_WARN_ENUM_CONVERSION = YES;
				CLANG_WARN_INFINITE_RECURSION = YES;
				CLANG_WARN_INT_CONVERSION = YES;
				CLANG_WARN_OBJC_ROOT_CLASS = YES_ERROR;
				CLANG_WARN_SUSPICIOUS_MOVE = YES;
				CLANG_WARN_UNREACHABLE_CODE = YES;
				CLANG_WARN__DUPLICATE_METHOD_MATCH = YES;
				"CODE_SIGN_IDENTITY[sdk=iphoneos*]" = "iPhone Developer";
				COPY_PHASE_STRIP = NO;
				DEBUG_INFORMATION_FORMAT = dwarf;
				ENABLE_STRICT_OBJC_MSGSEND = YES;
				ENABLE_TESTABILITY = YES;
				GCC_C_LANGUAGE_STANDARD = gnu99;
				GCC_DYNAMIC_NO_PIC = NO;
				GCC_NO_COMMON_BLOCKS = YES;
				GCC_OPTIMIZATION_LEVEL = 0;
				GCC_PREPROCESSOR_DEFINITIONS = (
					"DEBUG=1",
					"$(inherited)",
				);
				GCC_WARN_64_TO_32_BIT_CONVERSION = YES;
				GCC_WARN_ABOUT_RETURN_TYPE = YES_ERROR;
				GCC_WARN_UNDECLARED_SELECTOR = YES;
				GCC_WARN_UNINITIALIZED_AUTOS = YES_AGGRESSIVE;
				GCC_WARN_UNUSED_FUNCTION = YES;
				GCC_WARN_UNUSED_VARIABLE = YES;
				IPHONEOS_DEPLOYMENT_TARGET = 10.2;
				MTL_ENABLE_DEBUG_INFO = YES;
				ONLY_ACTIVE_ARCH = YES;
				SDKROOT = iphoneos;
			};
			name = Debug;
		};
		27E6C0D81FC046E20063D86E /* Release */ = {
			isa = XCBuildConfiguration;
			buildSettings = {
				ALWAYS_SEARCH_USER_PATHS = NO;
				CLANG_ANALYZER_NONNULL = YES;
				CLANG_CXX_LANGUAGE_STANDARD = "gnu++0x";
				CLANG_CXX_LIBRARY = "libc++";
				CLANG_ENABLE_MODULES = YES;
				CLANG_ENABLE_OBJC_ARC = YES;
				CLANG_WARN_BOOL_CONVERSION = YES;
				CLANG_WARN_CONSTANT_CONVERSION = YES;
				CLANG_WARN_DIRECT_OBJC_ISA_USAGE = YES_ERROR;
				CLANG_WARN_DOCUMENTATION_COMMENTS = YES;
				CLANG_WARN_EMPTY_BODY = YES;
				CLANG_WARN_ENUM_CONVERSION = YES;
				CLANG_WARN_INFINITE_RECURSION = YES;
				CLANG_WARN_INT_CONVERSION = YES;
				CLANG_WARN_OBJC_ROOT_CLASS = YES_ERROR;
				CLANG_WARN_SUSPICIOUS_MOVE = YES;
				CLANG_WARN_UNREACHABLE_CODE = YES;
				CLANG_WARN__DUPLICATE_METHOD_MATCH = YES;
				"CODE_SIGN_IDENTITY[sdk=iphoneos*]" = "iPhone Developer";
				COPY_PHASE_STRIP = NO;
				DEBUG_INFORMATION_FORMAT = "dwarf-with-dsym";
				ENABLE_NS_ASSERTIONS = NO;
				ENABLE_STRICT_OBJC_MSGSEND = YES;
				GCC_C_LANGUAGE_STANDARD = gnu99;
				GCC_NO_COMMON_BLOCKS = YES;
				GCC_WARN_64_TO_32_BIT_CONVERSION = YES;
				GCC_WARN_ABOUT_RETURN_TYPE = YES_ERROR;
				GCC_WARN_UNDECLARED_SELECTOR = YES;
				GCC_WARN_UNINITIALIZED_AUTOS = YES_AGGRESSIVE;
				GCC_WARN_UNUSED_FUNCTION = YES;
				GCC_WARN_UNUSED_VARIABLE = YES;
				IPHONEOS_DEPLOYMENT_TARGET = 10.2;
				MTL_ENABLE_DEBUG_INFO = NO;
				SDKROOT = iphoneos;
				VALIDATE_PRODUCT = YES;
			};
			name = Release;
		};
		27E6C0DA1FC046E20063D86E /* Debug */ = {
			isa = XCBuildConfiguration;
			buildSettings = {
				ASSETCATALOG_COMPILER_APPICON_NAME = AppIcon;
				GCC_PREFIX_HEADER = /Users/lixiaofei/Desktop/TestForLeftSide/TestForLeftSide/XFLeftSide/XFLeftSidePrefixHeader.pch;
				INFOPLIST_FILE = TestForLeftSide/Info.plist;
				LD_RUNPATH_SEARCH_PATHS = "$(inherited) @executable_path/Frameworks";
				PRODUCT_BUNDLE_IDENTIFIER = xiaofei.TestForLeftSide;
				PRODUCT_NAME = "$(TARGET_NAME)";
			};
			name = Debug;
		};
		27E6C0DB1FC046E20063D86E /* Release */ = {
			isa = XCBuildConfiguration;
			buildSettings = {
				ASSETCATALOG_COMPILER_APPICON_NAME = AppIcon;
				GCC_PREFIX_HEADER = /Users/lixiaofei/Desktop/TestForLeftSide/TestForLeftSide/XFLeftSide/XFLeftSidePrefixHeader.pch;
				INFOPLIST_FILE = TestForLeftSide/Info.plist;
				LD_RUNPATH_SEARCH_PATHS = "$(inherited) @executable_path/Frameworks";
				PRODUCT_BUNDLE_IDENTIFIER = xiaofei.TestForLeftSide;
				PRODUCT_NAME = "$(TARGET_NAME)";
			};
			name = Release;
		};
/* End XCBuildConfiguration section */

/* Begin XCConfigurationList section */
		27E6C0BD1FC046E20063D86E /* Build configuration list for PBXProject "TestForLeftSide" */ = {
			isa = XCConfigurationList;
			buildConfigurations = (
				27E6C0D71FC046E20063D86E /* Debug */,
				27E6C0D81FC046E20063D86E /* Release */,
			);
			defaultConfigurationIsVisible = 0;
			defaultConfigurationName = Release;
		};
		27E6C0D91FC046E20063D86E /* Build configuration list for PBXNativeTarget "TestForLeftSide" */ = {
			isa = XCConfigurationList;
			buildConfigurations = (
				27E6C0DA1FC046E20063D86E /* Debug */,
				27E6C0DB1FC046E20063D86E /* Release */,
			);
			defaultConfigurationIsVisible = 0;
		};
/* End XCConfigurationList section */
	};
	rootObject = 27E6C0BA1FC046E20063D86E /* Project object */;
}
